
Microsoft Visual Studio Solution File, Format Version 12.00
# Visual Studio Version 17
VisualStudioVersion = 17.0.31903.59
MinimumVisualStudioVersion = 10.0.40219.1
Project("{2150E333-8FDC-42A3-9474-1A3956D46DE8}") = "ZooApp", "ZooApp", "{3B69542E-F4A1-CD4E-6D8C-2C5CFA885E22}"
EndProject
Project("{2150E333-8FDC-42A3-9474-1A3956D46DE8}") = "src", "src", "{78477A2F-D83C-2C84-2769-3A15C9590FAF}"
EndProject
Project("{FAE04EC0-301F-11D3-BF4B-00C04F79EFBC}") = "Domain", "ZooApp\src\Domain\Domain.csproj", "{86E16B0D-A46A-465B-9FA6-5CAC35881CED}"
EndProject
Project("{FAE04EC0-301F-11D3-BF4B-00C04F79EFBC}") = "Application", "ZooApp\src\Application\Application.csproj", "{B00F68CB-11B7-47A0-9194-E0DCED501CB4}"
EndProject
Project("{FAE04EC0-301F-11D3-BF4B-00C04F79EFBC}") = "Infrastructure", "ZooApp\src\Infrastructure\Infrastructure.csproj", "{69942C6E-E094-4BB3-85B2-F6E5AE2E0326}"
EndProject
Project("{2150E333-8FDC-42A3-9474-1A3956D46DE8}") = "Presentation", "Presentation", "{642BEDC2-175E-46E3-5512-A2CF0F4A7A7A}"
EndProject
Project("{FAE04EC0-301F-11D3-BF4B-00C04F79EFBC}") = "WebApi", "ZooApp\src\Presentation\WebApi\WebApi.csproj", "{87806A17-BC08-4671-8EE8-2F410381227A}"
EndProject
Project("{FAE04EC0-301F-11D3-BF4B-00C04F79EFBC}") = "Tests", "ZooApp\src\Tests\Tests.csproj", "{0CDA091C-85D4-4C82-84FF-FEC1643D1FD8}"
EndProject
Global
	GlobalSection(SolutionConfigurationPlatforms) = preSolution
		Debug|Any CPU = Debug|Any CPU
		Debug|x64 = Debug|x64
		Debug|x86 = Debug|x86
		Release|Any CPU = Release|Any CPU
		Release|x64 = Release|x64
		Release|x86 = Release|x86
	EndGlobalSection
	GlobalSection(ProjectConfigurationPlatforms) = postSolution
		{86E16B0D-A46A-465B-9FA6-5CAC35881CED}.Debug|Any CPU.ActiveCfg = Debug|Any CPU
		{86E16B0D-A46A-465B-9FA6-5CAC35881CED}.Debug|Any CPU.Build.0 = Debug|Any CPU
		{86E16B0D-A46A-465B-9FA6-5CAC35881CED}.Debug|x64.ActiveCfg = Debug|Any CPU
		{86E16B0D-A46A-465B-9FA6-5CAC35881CED}.Debug|x64.Build.0 = Debug|Any CPU
		{86E16B0D-A46A-465B-9FA6-5CAC35881CED}.Debug|x86.ActiveCfg = Debug|Any CPU
		{86E16B0D-A46A-465B-9FA6-5CAC35881CED}.Debug|x86.Build.0 = Debug|Any CPU
		{86E16B0D-A46A-465B-9FA6-5CAC35881CED}.Release|Any CPU.ActiveCfg = Release|Any CPU
		{86E16B0D-A46A-465B-9FA6-5CAC35881CED}.Release|Any CPU.Build.0 = Release|Any CPU
		{86E16B0D-A46A-465B-9FA6-5CAC35881CED}.Release|x64.ActiveCfg = Release|Any CPU
		{86E16B0D-A46A-465B-9FA6-5CAC35881CED}.Release|x64.Build.0 = Release|Any CPU
		{86E16B0D-A46A-465B-9FA6-5CAC35881CED}.Release|x86.ActiveCfg = Release|Any CPU
		{86E16B0D-A46A-465B-9FA6-5CAC35881CED}.Release|x86.Build.0 = Release|Any CPU
		{B00F68CB-11B7-47A0-9194-E0DCED501CB4}.Debug|Any CPU.ActiveCfg = Debug|Any CPU
		{B00F68CB-11B7-47A0-9194-E0DCED501CB4}.Debug|Any CPU.Build.0 = Debug|Any CPU
		{B00F68CB-11B7-47A0-9194-E0DCED501CB4}.Debug|x64.ActiveCfg = Debug|Any CPU
		{B00F68CB-11B7-47A0-9194-E0DCED501CB4}.Debug|x64.Build.0 = Debug|Any CPU
		{B00F68CB-11B7-47A0-9194-E0DCED501CB4}.Debug|x86.ActiveCfg = Debug|Any CPU
		{B00F68CB-11B7-47A0-9194-E0DCED501CB4}.Debug|x86.Build.0 = Debug|Any CPU
		{B00F68CB-11B7-47A0-9194-E0DCED501CB4}.Release|Any CPU.ActiveCfg = Release|Any CPU
		{B00F68CB-11B7-47A0-9194-E0DCED501CB4}.Release|Any CPU.Build.0 = Release|Any CPU
		{B00F68CB-11B7-47A0-9194-E0DCED501CB4}.Release|x64.ActiveCfg = Release|Any CPU
		{B00F68CB-11B7-47A0-9194-E0DCED501CB4}.Release|x64.Build.0 = Release|Any CPU
		{B00F68CB-11B7-47A0-9194-E0DCED501CB4}.Release|x86.ActiveCfg = Release|Any CPU
		{B00F68CB-11B7-47A0-9194-E0DCED501CB4}.Release|x86.Build.0 = Release|Any CPU
		{69942C6E-E094-4BB3-85B2-F6E5AE2E0326}.Debug|Any CPU.ActiveCfg = Debug|Any CPU
		{69942C6E-E094-4BB3-85B2-F6E5AE2E0326}.Debug|Any CPU.Build.0 = Debug|Any CPU
		{69942C6E-E094-4BB3-85B2-F6E5AE2E0326}.Debug|x64.ActiveCfg = Debug|Any CPU
		{69942C6E-E094-4BB3-85B2-F6E5AE2E0326}.Debug|x64.Build.0 = Debug|Any CPU
		{69942C6E-E094-4BB3-85B2-F6E5AE2E0326}.Debug|x86.ActiveCfg = Debug|Any CPU
		{69942C6E-E094-4BB3-85B2-F6E5AE2E0326}.Debug|x86.Build.0 = Debug|Any CPU
		{69942C6E-E094-4BB3-85B2-F6E5AE2E0326}.Release|Any CPU.ActiveCfg = Release|Any CPU
		{69942C6E-E094-4BB3-85B2-F6E5AE2E0326}.Release|Any CPU.Build.0 = Release|Any CPU
		{69942C6E-E094-4BB3-85B2-F6E5AE2E0326}.Release|x64.ActiveCfg = Release|Any CPU
		{69942C6E-E094-4BB3-85B2-F6E5AE2E0326}.Release|x64.Build.0 = Release|Any CPU
		{69942C6E-E094-4BB3-85B2-F6E5AE2E0326}.Release|x86.ActiveCfg = Release|Any CPU
		{69942C6E-E094-4BB3-85B2-F6E5AE2E0326}.Release|x86.Build.0 = Release|Any CPU
		{87806A17-BC08-4671-8EE8-2F410381227A}.Debug|Any CPU.ActiveCfg = Debug|Any CPU
		{87806A17-BC08-4671-8EE8-2F410381227A}.Debug|Any CPU.Build.0 = Debug|Any CPU
		{87806A17-BC08-4671-8EE8-2F410381227A}.Debug|x64.ActiveCfg = Debug|Any CPU
		{87806A17-BC08-4671-8EE8-2F410381227A}.Debug|x64.Build.0 = Debug|Any CPU
		{87806A17-BC08-4671-8EE8-2F410381227A}.Debug|x86.ActiveCfg = Debug|Any CPU
		{87806A17-BC08-4671-8EE8-2F410381227A}.Debug|x86.Build.0 = Debug|Any CPU
		{87806A17-BC08-4671-8EE8-2F410381227A}.Release|Any CPU.ActiveCfg = Release|Any CPU
		{87806A17-BC08-4671-8EE8-2F410381227A}.Release|Any CPU.Build.0 = Release|Any CPU
		{87806A17-BC08-4671-8EE8-2F410381227A}.Release|x64.ActiveCfg = Release|Any CPU
		{87806A17-BC08-4671-8EE8-2F410381227A}.Release|x64.Build.0 = Release|Any CPU
		{87806A17-BC08-4671-8EE8-2F410381227A}.Release|x86.ActiveCfg = Release|Any CPU
		{87806A17-BC08-4671-8EE8-2F410381227A}.Release|x86.Build.0 = Release|Any CPU
		{0CDA091C-85D4-4C82-84FF-FEC1643D1FD8}.Debug|Any CPU.ActiveCfg = Debug|Any CPU
		{0CDA091C-85D4-4C82-84FF-FEC1643D1FD8}.Debug|Any CPU.Build.0 = Debug|Any CPU
		{0CDA091C-85D4-4C82-84FF-FEC1643D1FD8}.Debug|x64.ActiveCfg = Debug|Any CPU
		{0CDA091C-85D4-4C82-84FF-FEC1643D1FD8}.Debug|x64.Build.0 = Debug|Any CPU
		{0CDA091C-85D4-4C82-84FF-FEC1643D1FD8}.Debug|x86.ActiveCfg = Debug|Any CPU
		{0CDA091C-85D4-4C82-84FF-FEC1643D1FD8}.Debug|x86.Build.0 = Debug|Any CPU
		{0CDA091C-85D4-4C82-84FF-FEC1643D1FD8}.Release|Any CPU.ActiveCfg = Release|Any CPU
		{0CDA091C-85D4-4C82-84FF-FEC1643D1FD8}.Release|Any CPU.Build.0 = Release|Any CPU
		{0CDA091C-85D4-4C82-84FF-FEC1643D1FD8}.Release|x64.ActiveCfg = Release|Any CPU
		{0CDA091C-85D4-4C82-84FF-FEC1643D1FD8}.Release|x64.Build.0 = Release|Any CPU
		{0CDA091C-85D4-4C82-84FF-FEC1643D1FD8}.Release|x86.ActiveCfg = Release|Any CPU
		{0CDA091C-85D4-4C82-84FF-FEC1643D1FD8}.Release|x86.Build.0 = Release|Any CPU
	EndGlobalSection
	GlobalSection(SolutionProperties) = preSolution
		HideSolutionNode = FALSE
	EndGlobalSection
	GlobalSection(NestedProjects) = preSolution
		{78477A2F-D83C-2C84-2769-3A15C9590FAF} = {3B69542E-F4A1-CD4E-6D8C-2C5CFA885E22}
		{86E16B0D-A46A-465B-9FA6-5CAC35881CED} = {78477A2F-D83C-2C84-2769-3A15C9590FAF}
		{B00F68CB-11B7-47A0-9194-E0DCED501CB4} = {78477A2F-D83C-2C84-2769-3A15C9590FAF}
		{69942C6E-E094-4BB3-85B2-F6E5AE2E0326} = {78477A2F-D83C-2C84-2769-3A15C9590FAF}
		{642BEDC2-175E-46E3-5512-A2CF0F4A7A7A} = {78477A2F-D83C-2C84-2769-3A15C9590FAF}
		{87806A17-BC08-4671-8EE8-2F410381227A} = {642BEDC2-175E-46E3-5512-A2CF0F4A7A7A}
		{0CDA091C-85D4-4C82-84FF-FEC1643D1FD8} = {78477A2F-D83C-2C84-2769-3A15C9590FAF}
	EndGlobalSection
EndGlobal
